
Microsoft Visual Studio Solution File, Format Version 12.00
# Visual Studio Version 16
VisualStudioVersion = 16.0.31025.218
MinimumVisualStudioVersion = 10.0.40219.1
Project("{FAE04EC0-301F-11D3-BF4B-00C04F79EFBC}") = "HotReloadTestApps.WPF", "HotReloadTestApps.WPF\HotReloadTestApps.WPF.csproj", "{0F47F243-EE27-40B9-8931-DF768C3818B0}"
EndProject
Project("{FAE04EC0-301F-11D3-BF4B-00C04F79EFBC}") = "HotReloadTestApps.Shared", "HotReloadTestApps.Shared\HotReloadTestApps.Shared.csproj", "{E80F5BD1-2A9F-4DE2-9C62-0169614EE0AE}"
EndProject
Project("{FAE04EC0-301F-11D3-BF4B-00C04F79EFBC}") = "HotReloadTestApps.Xamarin.UWP", "HotReloadTestApps.Xamarin\HotReloadTestApps.Xamarin.UWP\HotReloadTestApps.Xamarin.UWP.csproj", "{48409F53-42F0-4BD4-9FD0-8466E22FE4A9}"
EndProject
Project("{FAE04EC0-301F-11D3-BF4B-00C04F79EFBC}") = "HotReloadTestApps.Xamarin.Android", "HotReloadTestApps.Xamarin\HotReloadTestApps.Xamarin.Android\HotReloadTestApps.Xamarin.Android.csproj", "{C1F94B5B-4E58-4BBD-A189-262D1BB14E94}"
EndProject
Project("{FAE04EC0-301F-11D3-BF4B-00C04F79EFBC}") = "HotReloadTestApps.Xamarin.iOS", "HotReloadTestApps.Xamarin\HotReloadTestApps.Xamarin.iOS\HotReloadTestApps.Xamarin.iOS.csproj", "{92B05021-1BF9-439F-B18D-E621C3DB7CE3}"
EndProject
Project("{FAE04EC0-301F-11D3-BF4B-00C04F79EFBC}") = "HotReloadTestApps.Xamarin", "HotReloadTestApps.Xamarin\HotReloadTestApps.Xamarin\HotReloadTestApps.Xamarin.csproj", "{AF54D6A9-D770-48C0-894D-9C069EB6E2C3}"
EndProject
Global
	GlobalSection(SolutionConfigurationPlatforms) = preSolution
		Debug|Any CPU = Debug|Any CPU
		Debug|ARM = Debug|ARM
		Debug|iPhone = Debug|iPhone
		Debug|iPhoneSimulator = Debug|iPhoneSimulator
		Debug|x64 = Debug|x64
		Debug|x86 = Debug|x86
		Release|Any CPU = Release|Any CPU
		Release|ARM = Release|ARM
		Release|iPhone = Release|iPhone
		Release|iPhoneSimulator = Release|iPhoneSimulator
		Release|x64 = Release|x64
		Release|x86 = Release|x86
	EndGlobalSection
	GlobalSection(ProjectConfigurationPlatforms) = postSolution
		{0F47F243-EE27-40B9-8931-DF768C3818B0}.Debug|Any CPU.ActiveCfg = Debug|Any CPU
		{0F47F243-EE27-40B9-8931-DF768C3818B0}.Debug|Any CPU.Build.0 = Debug|Any CPU
		{0F47F243-EE27-40B9-8931-DF768C3818B0}.Debug|ARM.ActiveCfg = Debug|Any CPU
		{0F47F243-EE27-40B9-8931-DF768C3818B0}.Debug|ARM.Build.0 = Debug|Any CPU
		{0F47F243-EE27-40B9-8931-DF768C3818B0}.Debug|iPhone.ActiveCfg = Debug|Any CPU
		{0F47F243-EE27-40B9-8931-DF768C3818B0}.Debug|iPhone.Build.0 = Debug|Any CPU
		{0F47F243-EE27-40B9-8931-DF768C3818B0}.Debug|iPhoneSimulator.ActiveCfg = Debug|Any CPU
		{0F47F243-EE27-40B9-8931-DF768C3818B0}.Debug|iPhoneSimulator.Build.0 = Debug|Any CPU
		{0F47F243-EE27-40B9-8931-DF768C3818B0}.Debug|x64.ActiveCfg = Debug|Any CPU
		{0F47F243-EE27-40B9-8931-DF768C3818B0}.Debug|x64.Build.0 = Debug|Any CPU
		{0F47F243-EE27-40B9-8931-DF768C3818B0}.Debug|x86.ActiveCfg = Debug|Any CPU
		{0F47F243-EE27-40B9-8931-DF768C3818B0}.Debug|x86.Build.0 = Debug|Any CPU
		{0F47F243-EE27-40B9-8931-DF768C3818B0}.Release|Any CPU.ActiveCfg = Release|Any CPU
		{0F47F243-EE27-40B9-8931-DF768C3818B0}.Release|Any CPU.Build.0 = Release|Any CPU
		{0F47F243-EE27-40B9-8931-DF768C3818B0}.Release|ARM.ActiveCfg = Release|Any CPU
		{0F47F243-EE27-40B9-8931-DF768C3818B0}.Release|ARM.Build.0 = Release|Any CPU
		{0F47F243-EE27-40B9-8931-DF768C3818B0}.Release|iPhone.ActiveCfg = Release|Any CPU
		{0F47F243-EE27-40B9-8931-DF768C3818B0}.Release|iPhone.Build.0 = Release|Any CPU
		{0F47F243-EE27-40B9-8931-DF768C3818B0}.Release|iPhoneSimulator.ActiveCfg = Release|Any CPU
		{0F47F243-EE27-40B9-8931-DF768C3818B0}.Release|iPhoneSimulator.Build.0 = Release|Any CPU
		{0F47F243-EE27-40B9-8931-DF768C3818B0}.Release|x64.ActiveCfg = Release|Any CPU
		{0F47F243-EE27-40B9-8931-DF768C3818B0}.Release|x64.Build.0 = Release|Any CPU
		{0F47F243-EE27-40B9-8931-DF768C3818B0}.Release|x86.ActiveCfg = Release|Any CPU
		{0F47F243-EE27-40B9-8931-DF768C3818B0}.Release|x86.Build.0 = Release|Any CPU
		{E80F5BD1-2A9F-4DE2-9C62-0169614EE0AE}.Debug|Any CPU.ActiveCfg = Debug|Any CPU
		{E80F5BD1-2A9F-4DE2-9C62-0169614EE0AE}.Debug|Any CPU.Build.0 = Debug|Any CPU
		{E80F5BD1-2A9F-4DE2-9C62-0169614EE0AE}.Debug|ARM.ActiveCfg = Debug|Any CPU
		{E80F5BD1-2A9F-4DE2-9C62-0169614EE0AE}.Debug|ARM.Build.0 = Debug|Any CPU
		{E80F5BD1-2A9F-4DE2-9C62-0169614EE0AE}.Debug|iPhone.ActiveCfg = Debug|Any CPU
		{E80F5BD1-2A9F-4DE2-9C62-0169614EE0AE}.Debug|iPhone.Build.0 = Debug|Any CPU
		{E80F5BD1-2A9F-4DE2-9C62-0169614EE0AE}.Debug|iPhoneSimulator.ActiveCfg = Debug|Any CPU
		{E80F5BD1-2A9F-4DE2-9C62-0169614EE0AE}.Debug|iPhoneSimulator.Build.0 = Debug|Any CPU
		{E80F5BD1-2A9F-4DE2-9C62-0169614EE0AE}.Debug|x64.ActiveCfg = Debug|Any CPU
		{E80F5BD1-2A9F-4DE2-9C62-0169614EE0AE}.Debug|x64.Build.0 = Debug|Any CPU
		{E80F5BD1-2A9F-4DE2-9C62-0169614EE0AE}.Debug|x86.ActiveCfg = Debug|Any CPU
		{E80F5BD1-2A9F-4DE2-9C62-0169614EE0AE}.Debug|x86.Build.0 = Debug|Any CPU
		{E80F5BD1-2A9F-4DE2-9C62-0169614EE0AE}.Release|Any CPU.ActiveCfg = Release|Any CPU
		{E80F5BD1-2A9F-4DE2-9C62-0169614EE0AE}.Release|Any CPU.Build.0 = Release|Any CPU
		{E80F5BD1-2A9F-4DE2-9C62-0169614EE0AE}.Release|ARM.ActiveCfg = Release|Any CPU
		{E80F5BD1-2A9F-4DE2-9C62-0169614EE0AE}.Release|ARM.Build.0 = Release|Any CPU
		{E80F5BD1-2A9F-4DE2-9C62-0169614EE0AE}.Release|iPhone.ActiveCfg = Release|Any CPU
		{E80F5BD1-2A9F-4DE2-9C62-0169614EE0AE}.Release|iPhone.Build.0 = Release|Any CPU
		{E80F5BD1-2A9F-4DE2-9C62-0169614EE0AE}.Release|iPhoneSimulator.ActiveCfg = Release|Any CPU
		{E80F5BD1-2A9F-4DE2-9C62-0169614EE0AE}.Release|iPhoneSimulator.Build.0 = Release|Any CPU
		{E80F5BD1-2A9F-4DE2-9C62-0169614EE0AE}.Release|x64.ActiveCfg = Release|Any CPU
		{E80F5BD1-2A9F-4DE2-9C62-0169614EE0AE}.Release|x64.Build.0 = Release|Any CPU
		{E80F5BD1-2A9F-4DE2-9C62-0169614EE0AE}.Release|x86.ActiveCfg = Release|Any CPU
		{E80F5BD1-2A9F-4DE2-9C62-0169614EE0AE}.Release|x86.Build.0 = Release|Any CPU
		{48409F53-42F0-4BD4-9FD0-8466E22FE4A9}.Debug|Any CPU.ActiveCfg = Debug|x86
		{48409F53-42F0-4BD4-9FD0-8466E22FE4A9}.Debug|ARM.ActiveCfg = Debug|ARM
		{48409F53-42F0-4BD4-9FD0-8466E22FE4A9}.Debug|ARM.Build.0 = Debug|ARM
		{48409F53-42F0-4BD4-9FD0-8466E22FE4A9}.Debug|ARM.Deploy.0 = Debug|ARM
		{48409F53-42F0-4BD4-9FD0-8466E22FE4A9}.Debug|iPhone.ActiveCfg = Debug|x86
		{48409F53-42F0-4BD4-9FD0-8466E22FE4A9}.Debug|iPhoneSimulator.ActiveCfg = Debug|x86
		{48409F53-42F0-4BD4-9FD0-8466E22FE4A9}.Debug|x64.ActiveCfg = Debug|x64
		{48409F53-42F0-4BD4-9FD0-8466E22FE4A9}.Debug|x64.Build.0 = Debug|x64
		{48409F53-42F0-4BD4-9FD0-8466E22FE4A9}.Debug|x64.Deploy.0 = Debug|x64
		{48409F53-42F0-4BD4-9FD0-8466E22FE4A9}.Debug|x86.ActiveCfg = Debug|x86
		{48409F53-42F0-4BD4-9FD0-8466E22FE4A9}.Debug|x86.Build.0 = Debug|x86
		{48409F53-42F0-4BD4-9FD0-8466E22FE4A9}.Debug|x86.Deploy.0 = Debug|x86
		{48409F53-42F0-4BD4-9FD0-8466E22FE4A9}.Release|Any CPU.ActiveCfg = Release|x86
		{48409F53-42F0-4BD4-9FD0-8466E22FE4A9}.Release|ARM.ActiveCfg = Release|ARM
		{48409F53-42F0-4BD4-9FD0-8466E22FE4A9}.Release|ARM.Build.0 = Release|ARM
		{48409F53-42F0-4BD4-9FD0-8466E22FE4A9}.Release|ARM.Deploy.0 = Release|ARM
		{48409F53-42F0-4BD4-9FD0-8466E22FE4A9}.Release|iPhone.ActiveCfg = Release|x86
		{48409F53-42F0-4BD4-9FD0-8466E22FE4A9}.Release|iPhoneSimulator.ActiveCfg = Release|x86
		{48409F53-42F0-4BD4-9FD0-8466E22FE4A9}.Release|x64.ActiveCfg = Release|x64
		{48409F53-42F0-4BD4-9FD0-8466E22FE4A9}.Release|x64.Build.0 = Release|x64
		{48409F53-42F0-4BD4-9FD0-8466E22FE4A9}.Release|x64.Deploy.0 = Release|x64
		{48409F53-42F0-4BD4-9FD0-8466E22FE4A9}.Release|x86.ActiveCfg = Release|x86
		{48409F53-42F0-4BD4-9FD0-8466E22FE4A9}.Release|x86.Build.0 = Release|x86
		{48409F53-42F0-4BD4-9FD0-8466E22FE4A9}.Release|x86.Deploy.0 = Release|x86
		{C1F94B5B-4E58-4BBD-A189-262D1BB14E94}.Debug|Any CPU.ActiveCfg = Debug|Any CPU
		{C1F94B5B-4E58-4BBD-A189-262D1BB14E94}.Debug|Any CPU.Build.0 = Debug|Any CPU
		{C1F94B5B-4E58-4BBD-A189-262D1BB14E94}.Debug|Any CPU.Deploy.0 = Debug|Any CPU
		{C1F94B5B-4E58-4BBD-A189-262D1BB14E94}.Debug|ARM.ActiveCfg = Debug|Any CPU
		{C1F94B5B-4E58-4BBD-A189-262D1BB14E94}.Debug|ARM.Build.0 = Debug|Any CPU
		{C1F94B5B-4E58-4BBD-A189-262D1BB14E94}.Debug|ARM.Deploy.0 = Debug|Any CPU
		{C1F94B5B-4E58-4BBD-A189-262D1BB14E94}.Debug|iPhone.ActiveCfg = Debug|Any CPU
		{C1F94B5B-4E58-4BBD-A189-262D1BB14E94}.Debug|iPhone.Build.0 = Debug|Any CPU
		{C1F94B5B-4E58-4BBD-A189-262D1BB14E94}.Debug|iPhone.Deploy.0 = Debug|Any CPU
		{C1F94B5B-4E58-4BBD-A189-262D1BB14E94}.Debug|iPhoneSimulator.ActiveCfg = Debug|Any CPU
		{C1F94B5B-4E58-4BBD-A189-262D1BB14E94}.Debug|iPhoneSimulator.Build.0 = Debug|Any CPU
		{C1F94B5B-4E58-4BBD-A189-262D1BB14E94}.Debug|iPhoneSimulator.Deploy.0 = Debug|Any CPU
		{C1F94B5B-4E58-4BBD-A189-262D1BB14E94}.Debug|x64.ActiveCfg = Debug|Any CPU
		{C1F94B5B-4E58-4BBD-A189-262D1BB14E94}.Debug|x64.Build.0 = Debug|Any CPU
		{C1F94B5B-4E58-4BBD-A189-262D1BB14E94}.Debug|x64.Deploy.0 = Debug|Any CPU
		{C1F94B5B-4E58-4BBD-A189-262D1BB14E94}.Debug|x86.ActiveCfg = Debug|Any CPU
		{C1F94B5B-4E58-4BBD-A189-262D1BB14E94}.Debug|x86.Build.0 = Debug|Any CPU
		{C1F94B5B-4E58-4BBD-A189-262D1BB14E94}.Debug|x86.Deploy.0 = Debug|Any CPU
		{C1F94B5B-4E58-4BBD-A189-262D1BB14E94}.Release|Any CPU.ActiveCfg = Release|Any CPU
		{C1F94B5B-4E58-4BBD-A189-262D1BB14E94}.Release|Any CPU.Build.0 = Release|Any CPU
		{C1F94B5B-4E58-4BBD-A189-262D1BB14E94}.Release|Any CPU.Deploy.0 = Release|Any CPU
		{C1F94B5B-4E58-4BBD-A189-262D1BB14E94}.Release|ARM.ActiveCfg = Release|Any CPU
		{C1F94B5B-4E58-4BBD-A189-262D1BB14E94}.Release|ARM.Build.0 = Release|Any CPU
		{C1F94B5B-4E58-4BBD-A189-262D1BB14E94}.Release|ARM.Deploy.0 = Release|Any CPU
		{C1F94B5B-4E58-4BBD-A189-262D1BB14E94}.Release|iPhone.ActiveCfg = Release|Any CPU
		{C1F94B5B-4E58-4BBD-A189-262D1BB14E94}.Release|iPhone.Build.0 = Release|Any CPU
		{C1F94B5B-4E58-4BBD-A189-262D1BB14E94}.Release|iPhone.Deploy.0 = Release|Any CPU
		{C1F94B5B-4E58-4BBD-A189-262D1BB14E94}.Release|iPhoneSimulator.ActiveCfg = Release|Any CPU
		{C1F94B5B-4E58-4BBD-A189-262D1BB14E94}.Release|iPhoneSimulator.Build.0 = Release|Any CPU
		{C1F94B5B-4E58-4BBD-A189-262D1BB14E94}.Release|iPhoneSimulator.Deploy.0 = Release|Any CPU
		{C1F94B5B-4E58-4BBD-A189-262D1BB14E94}.Release|x64.ActiveCfg = Release|Any CPU
		{C1F94B5B-4E58-4BBD-A189-262D1BB14E94}.Release|x64.Build.0 = Release|Any CPU
		{C1F94B5B-4E58-4BBD-A189-262D1BB14E94}.Release|x64.Deploy.0 = Release|Any CPU
		{C1F94B5B-4E58-4BBD-A189-262D1BB14E94}.Release|x86.ActiveCfg = Release|Any CPU
		{C1F94B5B-4E58-4BBD-A189-262D1BB14E94}.Release|x86.Build.0 = Release|Any CPU
		{C1F94B5B-4E58-4BBD-A189-262D1BB14E94}.Release|x86.Deploy.0 = Release|Any CPU
		{92B05021-1BF9-439F-B18D-E621C3DB7CE3}.Debug|Any CPU.ActiveCfg = Debug|iPhoneSimulator
		{92B05021-1BF9-439F-B18D-E621C3DB7CE3}.Debug|ARM.ActiveCfg = Debug|iPhoneSimulator
		{92B05021-1BF9-439F-B18D-E621C3DB7CE3}.Debug|iPhone.ActiveCfg = Debug|iPhone
		{92B05021-1BF9-439F-B18D-E621C3DB7CE3}.Debug|iPhone.Build.0 = Debug|iPhone
		{92B05021-1BF9-439F-B18D-E621C3DB7CE3}.Debug|iPhoneSimulator.ActiveCfg = Debug|iPhoneSimulator
		{92B05021-1BF9-439F-B18D-E621C3DB7CE3}.Debug|iPhoneSimulator.Build.0 = Debug|iPhoneSimulator
		{92B05021-1BF9-439F-B18D-E621C3DB7CE3}.Debug|x64.ActiveCfg = Debug|iPhoneSimulator
		{92B05021-1BF9-439F-B18D-E621C3DB7CE3}.Debug|x86.ActiveCfg = Debug|iPhoneSimulator
		{92B05021-1BF9-439F-B18D-E621C3DB7CE3}.Release|Any CPU.ActiveCfg = Release|iPhoneSimulator
		{92B05021-1BF9-439F-B18D-E621C3DB7CE3}.Release|ARM.ActiveCfg = Release|iPhoneSimulator
		{92B05021-1BF9-439F-B18D-E621C3DB7CE3}.Release|iPhone.ActiveCfg = Release|iPhone
		{92B05021-1BF9-439F-B18D-E621C3DB7CE3}.Release|iPhone.Build.0 = Release|iPhone
		{92B05021-1BF9-439F-B18D-E621C3DB7CE3}.Release|iPhoneSimulator.ActiveCfg = Release|iPhoneSimulator
		{92B05021-1BF9-439F-B18D-E621C3DB7CE3}.Release|iPhoneSimulator.Build.0 = Release|iPhoneSimulator
		{92B05021-1BF9-439F-B18D-E621C3DB7CE3}.Release|x64.ActiveCfg = Release|iPhoneSimulator
		{92B05021-1BF9-439F-B18D-E621C3DB7CE3}.Release|x86.ActiveCfg = Release|iPhoneSimulator
		{AF54D6A9-D770-48C0-894D-9C069EB6E2C3}.Debug|Any CPU.ActiveCfg = Debug|Any CPU
		{AF54D6A9-D770-48C0-894D-9C069EB6E2C3}.Debug|Any CPU.Build.0 = Debug|Any CPU
		{AF54D6A9-D770-48C0-894D-9C069EB6E2C3}.Debug|ARM.ActiveCfg = Debug|Any CPU
		{AF54D6A9-D770-48C0-894D-9C069EB6E2C3}.Debug|ARM.Build.0 = Debug|Any CPU
		{AF54D6A9-D770-48C0-894D-9C069EB6E2C3}.Debug|iPhone.ActiveCfg = Debug|Any CPU
		{AF54D6A9-D770-48C0-894D-9C069EB6E2C3}.Debug|iPhone.Build.0 = Debug|Any CPU
		{AF54D6A9-D770-48C0-894D-9C069EB6E2C3}.Debug|iPhoneSimulator.ActiveCfg = Debug|Any CPU
		{AF54D6A9-D770-48C0-894D-9C069EB6E2C3}.Debug|iPhoneSimulator.Build.0 = Debug|Any CPU
		{AF54D6A9-D770-48C0-894D-9C069EB6E2C3}.Debug|x64.ActiveCfg = Debug|Any CPU
		{AF54D6A9-D770-48C0-894D-9C069EB6E2C3}.Debug|x64.Build.0 = Debug|Any CPU
		{AF54D6A9-D770-48C0-894D-9C069EB6E2C3}.Debug|x86.ActiveCfg = Debug|Any CPU
		{AF54D6A9-D770-48C0-894D-9C069EB6E2C3}.Debug|x86.Build.0 = Debug|Any CPU
		{AF54D6A9-D770-48C0-894D-9C069EB6E2C3}.Release|Any CPU.ActiveCfg = Release|Any CPU
		{AF54D6A9-D770-48C0-894D-9C069EB6E2C3}.Release|Any CPU.Build.0 = Release|Any CPU
		{AF54D6A9-D770-48C0-894D-9C069EB6E2C3}.Release|ARM.ActiveCfg = Release|Any CPU
		{AF54D6A9-D770-48C0-894D-9C069EB6E2C3}.Release|ARM.Build.0 = Release|Any CPU
		{AF54D6A9-D770-48C0-894D-9C069EB6E2C3}.Release|iPhone.ActiveCfg = Release|Any CPU
		{AF54D6A9-D770-48C0-894D-9C069EB6E2C3}.Release|iPhone.Build.0 = Release|Any CPU
		{AF54D6A9-D770-48C0-894D-9C069EB6E2C3}.Release|iPhoneSimulator.ActiveCfg = Release|Any CPU
		{AF54D6A9-D770-48C0-894D-9C069EB6E2C3}.Release|iPhoneSimulator.Build.0 = Release|Any CPU
		{AF54D6A9-D770-48C0-894D-9C069EB6E2C3}.Release|x64.ActiveCfg = Release|Any CPU
		{AF54D6A9-D770-48C0-894D-9C069EB6E2C3}.Release|x64.Build.0 = Release|Any CPU
		{AF54D6A9-D770-48C0-894D-9C069EB6E2C3}.Release|x86.ActiveCfg = Release|Any CPU
		{AF54D6A9-D770-48C0-894D-9C069EB6E2C3}.Release|x86.Build.0 = Release|Any CPU
	EndGlobalSection
	GlobalSection(SolutionProperties) = preSolution
		HideSolutionNode = FALSE
	EndGlobalSection
	GlobalSection(ExtensibilityGlobals) = postSolution
		SolutionGuid = {7C0B8A8F-1E71-4BDB-B928-6B6E9A4DBB10}
	EndGlobalSection
EndGlobal
